
Microsoft Visual Studio Solution File, Format Version 12.00
# Visual Studio 14
VisualStudioVersion = 14.0.25420.1
MinimumVisualStudioVersion = 10.0.40219.1
Project("{2150E333-8FDC-42A3-9474-1A3956D46DE8}") = "UWP-UI", "UWP-UI", "{D6193117-68AD-4284-B0E9-A1CFC8A0A644}"
EndProject
Project("{2150E333-8FDC-42A3-9474-1A3956D46DE8}") = "Tests", "Tests", "{F74ACC54-C8B7-4029-9E04-839C9E7D4659}"
EndProject
Project("{FAE04EC0-301F-11D3-BF4B-00C04F79EFBC}") = "Raspberry_Pi_Trebuchet.Tests.IOT", "Tests\Raspberry-Pi-Trebuchet.IOT.Tests\Raspberry_Pi_Trebuchet.Tests.IOT.csproj", "{8ED5AB60-BDF5-493D-9BC7-772A7E924B22}"
EndProject
Project("{8BC9CEB8-8B4A-11D0-8D11-00A0C91BC942}") = "Microsoft.Samples.SimpleCommunication", "UWP-UI\Microsoft.Samples.SimpleCommunication\Microsoft.Samples.SimpleCommunication.vcxproj", "{DFEEA5AA-D079-40F7-BFD3-394D5C000047}"
EndProject
Project("{2150E333-8FDC-42A3-9474-1A3956D46DE8}") = "UWP-IOT", "UWP-IOT", "{7C5F05E5-5707-45FD-BFDD-343AA3441E58}"
EndProject
Project("{FAE04EC0-301F-11D3-BF4B-00C04F79EFBC}") = "Raspberry_Pi_Trebuchet.UWP_IOT.Pi", "UWP-IOT\Raspberry-Pi-Trebuchet.IOT\Raspberry_Pi_Trebuchet.UWP_IOT.Pi.csproj", "{AB2F5096-5215-42DC-8CA2-74BE2F1662CB}"
EndProject
Project("{2150E333-8FDC-42A3-9474-1A3956D46DE8}") = "RestUp-Sevices", "RestUp-Sevices", "{B42D6250-DC38-45CC-8F8B-15C17B8A7681}"
EndProject
Project("{FAE04EC0-301F-11D3-BF4B-00C04F79EFBC}") = "Raspberry_Pi_Trebuchet.RestUp.Azure", "RestUp-Sevices\Raspberry-Pi-Trebuchet.Azure\Raspberry_Pi_Trebuchet.RestUp.Azure.csproj", "{A783D8F4-4F83-4D30-B1DD-09AF4210C060}"
EndProject
Project("{FAE04EC0-301F-11D3-BF4B-00C04F79EFBC}") = "Raspberry_Pi_Trebuchet.RestUp.Configuration", "RestUp-Sevices\Raspberry-Pi-Trebuchet.Configuration\Raspberry_Pi_Trebuchet.RestUp.Configuration.csproj", "{29B84A1F-2063-4CC4-8C65-583EDC168635}"
EndProject
Project("{FAE04EC0-301F-11D3-BF4B-00C04F79EFBC}") = "Raspberry_Pi_Trebuchet.RestUp.Servos", "RestUp-Sevices\Raspberry-Pi-Trebuchet.Servos\Raspberry_Pi_Trebuchet.RestUp.Servos.csproj", "{161EA637-F6DF-44E3-8248-8D72E5CBD66E}"
EndProject
Project("{FAE04EC0-301F-11D3-BF4B-00C04F79EFBC}") = "Raspberry_Pi_Trebuchet.RestUp.StaticFiles", "RestUp-Sevices\Raspberry-Pi-Trebuchet.StaticFiles\Raspberry_Pi_Trebuchet.RestUp.StaticFiles.csproj", "{4EB31983-5BD1-4ACF-8161-F520FF41A877}"
EndProject
Project("{FAE04EC0-301F-11D3-BF4B-00C04F79EFBC}") = "Raspberry_Pi_Trebuchet.RestUp.Lights", "RestUp-Sevices\Raspberry-Pi-Trebuchet-Lights\Raspberry_Pi_Trebuchet.RestUp.Lights.csproj", "{83825CDF-3C8C-4DFC-B4F9-7A6A4F274018}"
EndProject
Project("{FAE04EC0-301F-11D3-BF4B-00C04F79EFBC}") = "Raspberry_Pi_Trebuchet.RestUp.Trebuchet", "RestUp-Sevices\Raspberry-Pi-Tribuchet.Tribuchet\Raspberry_Pi_Trebuchet.RestUp.Trebuchet.csproj", "{DBE38084-0619-40B8-B4CF-E2CD1E39F37B}"
EndProject
Project("{FAE04EC0-301F-11D3-BF4B-00C04F79EFBC}") = "Raspberry_Pi_Trebuchet.RestUp.Common", "RestUp-Sevices\Rasberry-Pi-Trebuchet.Common\Raspberry_Pi_Trebuchet.RestUp.Common.csproj", "{A1194A2E-14BB-4726-B273-A7CE7AB8C879}"
EndProject
Project("{FAE04EC0-301F-11D3-BF4B-00C04F79EFBC}") = "Raspberry_Pi_Trebuchet.RestUp.Sonic", "RestUp-Sevices\Raspberry-Pi-Tribuchet.Sonic\Raspberry_Pi_Trebuchet.RestUp.Sonic.csproj", "{88F2D4DA-4DEB-4E56-BD98-8496F0030E89}"
EndProject
Project("{FAE04EC0-301F-11D3-BF4B-00C04F79EFBC}") = "Trebuchet.UI.Controls", "UWP-UI\Trebuchet.UI\Trebuchet.UI.Controls.csproj", "{DF38461C-7A23-4E96-9A85-39E01E117821}"
EndProject
Project("{FAE04EC0-301F-11D3-BF4B-00C04F79EFBC}") = "Trebuchet", "UWP-UI\Trebuchet\Trebuchet.csproj", "{2EF86483-A0A8-4C1D-BFBD-66E1B367318F}"
EndProject
Project("{2150E333-8FDC-42A3-9474-1A3956D46DE8}") = "Azure-WebService", "Azure-WebService", "{3CD1C2C3-2A55-4D47-8222-9307B60E0568}"
EndProject
Project("{8BB2217D-0F2D-49D1-97BC-3654ED321F3B}") = "Raspberry_Pi_Trebuchet.Azure-WebService", "Azure-WebService\Raspberry_Pi_Trebuchet.Azure-RestWebService\Raspberry_Pi_Trebuchet.Azure-WebService.xproj", "{95D6EF44-9AAA-4B5C-A944-26F664C73830}"
EndProject
Global
	GlobalSection(SolutionConfigurationPlatforms) = preSolution
		Debug|Any CPU = Debug|Any CPU
		Debug|ARM = Debug|ARM
		Debug|x64 = Debug|x64
		Debug|x86 = Debug|x86
		Release|Any CPU = Release|Any CPU
		Release|ARM = Release|ARM
		Release|x64 = Release|x64
		Release|x86 = Release|x86
	EndGlobalSection
	GlobalSection(ProjectConfigurationPlatforms) = postSolution
		{8ED5AB60-BDF5-493D-9BC7-772A7E924B22}.Debug|Any CPU.ActiveCfg = Debug|x86
		{8ED5AB60-BDF5-493D-9BC7-772A7E924B22}.Debug|ARM.ActiveCfg = Debug|ARM
		{8ED5AB60-BDF5-493D-9BC7-772A7E924B22}.Debug|ARM.Build.0 = Debug|ARM
		{8ED5AB60-BDF5-493D-9BC7-772A7E924B22}.Debug|ARM.Deploy.0 = Debug|ARM
		{8ED5AB60-BDF5-493D-9BC7-772A7E924B22}.Debug|x64.ActiveCfg = Debug|x64
		{8ED5AB60-BDF5-493D-9BC7-772A7E924B22}.Debug|x64.Build.0 = Debug|x64
		{8ED5AB60-BDF5-493D-9BC7-772A7E924B22}.Debug|x64.Deploy.0 = Debug|x64
		{8ED5AB60-BDF5-493D-9BC7-772A7E924B22}.Debug|x86.ActiveCfg = Debug|x86
		{8ED5AB60-BDF5-493D-9BC7-772A7E924B22}.Debug|x86.Build.0 = Debug|x86
		{8ED5AB60-BDF5-493D-9BC7-772A7E924B22}.Debug|x86.Deploy.0 = Debug|x86
		{8ED5AB60-BDF5-493D-9BC7-772A7E924B22}.Release|Any CPU.ActiveCfg = Release|x86
		{8ED5AB60-BDF5-493D-9BC7-772A7E924B22}.Release|ARM.ActiveCfg = Release|ARM
		{8ED5AB60-BDF5-493D-9BC7-772A7E924B22}.Release|ARM.Build.0 = Release|ARM
		{8ED5AB60-BDF5-493D-9BC7-772A7E924B22}.Release|ARM.Deploy.0 = Release|ARM
		{8ED5AB60-BDF5-493D-9BC7-772A7E924B22}.Release|x64.ActiveCfg = Release|x64
		{8ED5AB60-BDF5-493D-9BC7-772A7E924B22}.Release|x64.Build.0 = Release|x64
		{8ED5AB60-BDF5-493D-9BC7-772A7E924B22}.Release|x64.Deploy.0 = Release|x64
		{8ED5AB60-BDF5-493D-9BC7-772A7E924B22}.Release|x86.ActiveCfg = Release|x86
		{8ED5AB60-BDF5-493D-9BC7-772A7E924B22}.Release|x86.Build.0 = Release|x86
		{8ED5AB60-BDF5-493D-9BC7-772A7E924B22}.Release|x86.Deploy.0 = Release|x86
		{DFEEA5AA-D079-40F7-BFD3-394D5C000047}.Debug|Any CPU.ActiveCfg = Debug|Win32
		{DFEEA5AA-D079-40F7-BFD3-394D5C000047}.Debug|ARM.ActiveCfg = Debug|ARM
		{DFEEA5AA-D079-40F7-BFD3-394D5C000047}.Debug|ARM.Build.0 = Debug|ARM
		{DFEEA5AA-D079-40F7-BFD3-394D5C000047}.Debug|x64.ActiveCfg = Debug|x64
		{DFEEA5AA-D079-40F7-BFD3-394D5C000047}.Debug|x64.Build.0 = Debug|x64
		{DFEEA5AA-D079-40F7-BFD3-394D5C000047}.Debug|x86.ActiveCfg = Debug|Win32
		{DFEEA5AA-D079-40F7-BFD3-394D5C000047}.Debug|x86.Build.0 = Debug|Win32
		{DFEEA5AA-D079-40F7-BFD3-394D5C000047}.Release|Any CPU.ActiveCfg = Release|Win32
		{DFEEA5AA-D079-40F7-BFD3-394D5C000047}.Release|ARM.ActiveCfg = Release|ARM
		{DFEEA5AA-D079-40F7-BFD3-394D5C000047}.Release|ARM.Build.0 = Release|ARM
		{DFEEA5AA-D079-40F7-BFD3-394D5C000047}.Release|x64.ActiveCfg = Release|x64
		{DFEEA5AA-D079-40F7-BFD3-394D5C000047}.Release|x64.Build.0 = Release|x64
		{DFEEA5AA-D079-40F7-BFD3-394D5C000047}.Release|x86.ActiveCfg = Release|Win32
		{DFEEA5AA-D079-40F7-BFD3-394D5C000047}.Release|x86.Build.0 = Release|Win32
		{AB2F5096-5215-42DC-8CA2-74BE2F1662CB}.Debug|Any CPU.ActiveCfg = Debug|x86
		{AB2F5096-5215-42DC-8CA2-74BE2F1662CB}.Debug|ARM.ActiveCfg = Debug|ARM
		{AB2F5096-5215-42DC-8CA2-74BE2F1662CB}.Debug|ARM.Build.0 = Debug|ARM
		{AB2F5096-5215-42DC-8CA2-74BE2F1662CB}.Debug|ARM.Deploy.0 = Debug|ARM
		{AB2F5096-5215-42DC-8CA2-74BE2F1662CB}.Debug|x64.ActiveCfg = Debug|x64
		{AB2F5096-5215-42DC-8CA2-74BE2F1662CB}.Debug|x64.Build.0 = Debug|x64
		{AB2F5096-5215-42DC-8CA2-74BE2F1662CB}.Debug|x64.Deploy.0 = Debug|x64
		{AB2F5096-5215-42DC-8CA2-74BE2F1662CB}.Debug|x86.ActiveCfg = Debug|x86
		{AB2F5096-5215-42DC-8CA2-74BE2F1662CB}.Debug|x86.Build.0 = Debug|x86
		{AB2F5096-5215-42DC-8CA2-74BE2F1662CB}.Debug|x86.Deploy.0 = Debug|x86
		{AB2F5096-5215-42DC-8CA2-74BE2F1662CB}.Release|Any CPU.ActiveCfg = Release|x86
		{AB2F5096-5215-42DC-8CA2-74BE2F1662CB}.Release|ARM.ActiveCfg = Release|ARM
		{AB2F5096-5215-42DC-8CA2-74BE2F1662CB}.Release|ARM.Build.0 = Release|ARM
		{AB2F5096-5215-42DC-8CA2-74BE2F1662CB}.Release|ARM.Deploy.0 = Release|ARM
		{AB2F5096-5215-42DC-8CA2-74BE2F1662CB}.Release|x64.ActiveCfg = Release|x64
		{AB2F5096-5215-42DC-8CA2-74BE2F1662CB}.Release|x64.Build.0 = Release|x64
		{AB2F5096-5215-42DC-8CA2-74BE2F1662CB}.Release|x64.Deploy.0 = Release|x64
		{AB2F5096-5215-42DC-8CA2-74BE2F1662CB}.Release|x86.ActiveCfg = Release|x86
		{AB2F5096-5215-42DC-8CA2-74BE2F1662CB}.Release|x86.Build.0 = Release|x86
		{AB2F5096-5215-42DC-8CA2-74BE2F1662CB}.Release|x86.Deploy.0 = Release|x86
		{A783D8F4-4F83-4D30-B1DD-09AF4210C060}.Debug|Any CPU.ActiveCfg = Debug|Any CPU
		{A783D8F4-4F83-4D30-B1DD-09AF4210C060}.Debug|Any CPU.Build.0 = Debug|Any CPU
		{A783D8F4-4F83-4D30-B1DD-09AF4210C060}.Debug|ARM.ActiveCfg = Debug|ARM
		{A783D8F4-4F83-4D30-B1DD-09AF4210C060}.Debug|ARM.Build.0 = Debug|ARM
		{A783D8F4-4F83-4D30-B1DD-09AF4210C060}.Debug|x64.ActiveCfg = Debug|x64
		{A783D8F4-4F83-4D30-B1DD-09AF4210C060}.Debug|x64.Build.0 = Debug|x64
		{A783D8F4-4F83-4D30-B1DD-09AF4210C060}.Debug|x86.ActiveCfg = Debug|x86
		{A783D8F4-4F83-4D30-B1DD-09AF4210C060}.Debug|x86.Build.0 = Debug|x86
		{A783D8F4-4F83-4D30-B1DD-09AF4210C060}.Release|Any CPU.ActiveCfg = Release|Any CPU
		{A783D8F4-4F83-4D30-B1DD-09AF4210C060}.Release|Any CPU.Build.0 = Release|Any CPU
		{A783D8F4-4F83-4D30-B1DD-09AF4210C060}.Release|ARM.ActiveCfg = Release|ARM
		{A783D8F4-4F83-4D30-B1DD-09AF4210C060}.Release|ARM.Build.0 = Release|ARM
		{A783D8F4-4F83-4D30-B1DD-09AF4210C060}.Release|x64.ActiveCfg = Release|x64
		{A783D8F4-4F83-4D30-B1DD-09AF4210C060}.Release|x64.Build.0 = Release|x64
		{A783D8F4-4F83-4D30-B1DD-09AF4210C060}.Release|x86.ActiveCfg = Release|x86
		{A783D8F4-4F83-4D30-B1DD-09AF4210C060}.Release|x86.Build.0 = Release|x86
		{29B84A1F-2063-4CC4-8C65-583EDC168635}.Debug|Any CPU.ActiveCfg = Debug|Any CPU
		{29B84A1F-2063-4CC4-8C65-583EDC168635}.Debug|Any CPU.Build.0 = Debug|Any CPU
		{29B84A1F-2063-4CC4-8C65-583EDC168635}.Debug|ARM.ActiveCfg = Debug|ARM
		{29B84A1F-2063-4CC4-8C65-583EDC168635}.Debug|ARM.Build.0 = Debug|ARM
		{29B84A1F-2063-4CC4-8C65-583EDC168635}.Debug|x64.ActiveCfg = Debug|x64
		{29B84A1F-2063-4CC4-8C65-583EDC168635}.Debug|x64.Build.0 = Debug|x64
		{29B84A1F-2063-4CC4-8C65-583EDC168635}.Debug|x86.ActiveCfg = Debug|x86
		{29B84A1F-2063-4CC4-8C65-583EDC168635}.Debug|x86.Build.0 = Debug|x86
		{29B84A1F-2063-4CC4-8C65-583EDC168635}.Release|Any CPU.ActiveCfg = Release|Any CPU
		{29B84A1F-2063-4CC4-8C65-583EDC168635}.Release|Any CPU.Build.0 = Release|Any CPU
		{29B84A1F-2063-4CC4-8C65-583EDC168635}.Release|ARM.ActiveCfg = Release|ARM
		{29B84A1F-2063-4CC4-8C65-583EDC168635}.Release|ARM.Build.0 = Release|ARM
		{29B84A1F-2063-4CC4-8C65-583EDC168635}.Release|x64.ActiveCfg = Release|x64
		{29B84A1F-2063-4CC4-8C65-583EDC168635}.Release|x64.Build.0 = Release|x64
		{29B84A1F-2063-4CC4-8C65-583EDC168635}.Release|x86.ActiveCfg = Release|x86
		{29B84A1F-2063-4CC4-8C65-583EDC168635}.Release|x86.Build.0 = Release|x86
		{161EA637-F6DF-44E3-8248-8D72E5CBD66E}.Debug|Any CPU.ActiveCfg = Debug|Any CPU
		{161EA637-F6DF-44E3-8248-8D72E5CBD66E}.Debug|Any CPU.Build.0 = Debug|Any CPU
		{161EA637-F6DF-44E3-8248-8D72E5CBD66E}.Debug|ARM.ActiveCfg = Debug|ARM
		{161EA637-F6DF-44E3-8248-8D72E5CBD66E}.Debug|ARM.Build.0 = Debug|ARM
		{161EA637-F6DF-44E3-8248-8D72E5CBD66E}.Debug|x64.ActiveCfg = Debug|x64
		{161EA637-F6DF-44E3-8248-8D72E5CBD66E}.Debug|x64.Build.0 = Debug|x64
		{161EA637-F6DF-44E3-8248-8D72E5CBD66E}.Debug|x86.ActiveCfg = Debug|x86
		{161EA637-F6DF-44E3-8248-8D72E5CBD66E}.Debug|x86.Build.0 = Debug|x86
		{161EA637-F6DF-44E3-8248-8D72E5CBD66E}.Release|Any CPU.ActiveCfg = Release|Any CPU
		{161EA637-F6DF-44E3-8248-8D72E5CBD66E}.Release|Any CPU.Build.0 = Release|Any CPU
		{161EA637-F6DF-44E3-8248-8D72E5CBD66E}.Release|ARM.ActiveCfg = Release|ARM
		{161EA637-F6DF-44E3-8248-8D72E5CBD66E}.Release|ARM.Build.0 = Release|ARM
		{161EA637-F6DF-44E3-8248-8D72E5CBD66E}.Release|x64.ActiveCfg = Release|x64
		{161EA637-F6DF-44E3-8248-8D72E5CBD66E}.Release|x64.Build.0 = Release|x64
		{161EA637-F6DF-44E3-8248-8D72E5CBD66E}.Release|x86.ActiveCfg = Release|x86
		{161EA637-F6DF-44E3-8248-8D72E5CBD66E}.Release|x86.Build.0 = Release|x86
		{4EB31983-5BD1-4ACF-8161-F520FF41A877}.Debug|Any CPU.ActiveCfg = Debug|Any CPU
		{4EB31983-5BD1-4ACF-8161-F520FF41A877}.Debug|Any CPU.Build.0 = Debug|Any CPU
		{4EB31983-5BD1-4ACF-8161-F520FF41A877}.Debug|ARM.ActiveCfg = Debug|ARM
		{4EB31983-5BD1-4ACF-8161-F520FF41A877}.Debug|ARM.Build.0 = Debug|ARM
		{4EB31983-5BD1-4ACF-8161-F520FF41A877}.Debug|x64.ActiveCfg = Debug|x64
		{4EB31983-5BD1-4ACF-8161-F520FF41A877}.Debug|x64.Build.0 = Debug|x64
		{4EB31983-5BD1-4ACF-8161-F520FF41A877}.Debug|x86.ActiveCfg = Debug|x86
		{4EB31983-5BD1-4ACF-8161-F520FF41A877}.Debug|x86.Build.0 = Debug|x86
		{4EB31983-5BD1-4ACF-8161-F520FF41A877}.Release|Any CPU.ActiveCfg = Release|Any CPU
		{4EB31983-5BD1-4ACF-8161-F520FF41A877}.Release|Any CPU.Build.0 = Release|Any CPU
		{4EB31983-5BD1-4ACF-8161-F520FF41A877}.Release|ARM.ActiveCfg = Release|ARM
		{4EB31983-5BD1-4ACF-8161-F520FF41A877}.Release|ARM.Build.0 = Release|ARM
		{4EB31983-5BD1-4ACF-8161-F520FF41A877}.Release|x64.ActiveCfg = Release|x64
		{4EB31983-5BD1-4ACF-8161-F520FF41A877}.Release|x64.Build.0 = Release|x64
		{4EB31983-5BD1-4ACF-8161-F520FF41A877}.Release|x86.ActiveCfg = Release|x86
		{4EB31983-5BD1-4ACF-8161-F520FF41A877}.Release|x86.Build.0 = Release|x86
		{83825CDF-3C8C-4DFC-B4F9-7A6A4F274018}.Debug|Any CPU.ActiveCfg = Debug|Any CPU
		{83825CDF-3C8C-4DFC-B4F9-7A6A4F274018}.Debug|Any CPU.Build.0 = Debug|Any CPU
		{83825CDF-3C8C-4DFC-B4F9-7A6A4F274018}.Debug|ARM.ActiveCfg = Debug|ARM
		{83825CDF-3C8C-4DFC-B4F9-7A6A4F274018}.Debug|ARM.Build.0 = Debug|ARM
		{83825CDF-3C8C-4DFC-B4F9-7A6A4F274018}.Debug|x64.ActiveCfg = Debug|x64
		{83825CDF-3C8C-4DFC-B4F9-7A6A4F274018}.Debug|x64.Build.0 = Debug|x64
		{83825CDF-3C8C-4DFC-B4F9-7A6A4F274018}.Debug|x86.ActiveCfg = Debug|x86
		{83825CDF-3C8C-4DFC-B4F9-7A6A4F274018}.Debug|x86.Build.0 = Debug|x86
		{83825CDF-3C8C-4DFC-B4F9-7A6A4F274018}.Release|Any CPU.ActiveCfg = Release|Any CPU
		{83825CDF-3C8C-4DFC-B4F9-7A6A4F274018}.Release|Any CPU.Build.0 = Release|Any CPU
		{83825CDF-3C8C-4DFC-B4F9-7A6A4F274018}.Release|ARM.ActiveCfg = Release|ARM
		{83825CDF-3C8C-4DFC-B4F9-7A6A4F274018}.Release|ARM.Build.0 = Release|ARM
		{83825CDF-3C8C-4DFC-B4F9-7A6A4F274018}.Release|x64.ActiveCfg = Release|x64
		{83825CDF-3C8C-4DFC-B4F9-7A6A4F274018}.Release|x64.Build.0 = Release|x64
		{83825CDF-3C8C-4DFC-B4F9-7A6A4F274018}.Release|x86.ActiveCfg = Release|x86
		{83825CDF-3C8C-4DFC-B4F9-7A6A4F274018}.Release|x86.Build.0 = Release|x86
		{DBE38084-0619-40B8-B4CF-E2CD1E39F37B}.Debug|Any CPU.ActiveCfg = Debug|Any CPU
		{DBE38084-0619-40B8-B4CF-E2CD1E39F37B}.Debug|Any CPU.Build.0 = Debug|Any CPU
		{DBE38084-0619-40B8-B4CF-E2CD1E39F37B}.Debug|ARM.ActiveCfg = Debug|ARM
		{DBE38084-0619-40B8-B4CF-E2CD1E39F37B}.Debug|ARM.Build.0 = Debug|ARM
		{DBE38084-0619-40B8-B4CF-E2CD1E39F37B}.Debug|x64.ActiveCfg = Debug|x64
		{DBE38084-0619-40B8-B4CF-E2CD1E39F37B}.Debug|x64.Build.0 = Debug|x64
		{DBE38084-0619-40B8-B4CF-E2CD1E39F37B}.Debug|x86.ActiveCfg = Debug|x86
		{DBE38084-0619-40B8-B4CF-E2CD1E39F37B}.Debug|x86.Build.0 = Debug|x86
		{DBE38084-0619-40B8-B4CF-E2CD1E39F37B}.Release|Any CPU.ActiveCfg = Release|Any CPU
		{DBE38084-0619-40B8-B4CF-E2CD1E39F37B}.Release|Any CPU.Build.0 = Release|Any CPU
		{DBE38084-0619-40B8-B4CF-E2CD1E39F37B}.Release|ARM.ActiveCfg = Release|ARM
		{DBE38084-0619-40B8-B4CF-E2CD1E39F37B}.Release|ARM.Build.0 = Release|ARM
		{DBE38084-0619-40B8-B4CF-E2CD1E39F37B}.Release|x64.ActiveCfg = Release|x64
		{DBE38084-0619-40B8-B4CF-E2CD1E39F37B}.Release|x64.Build.0 = Release|x64
		{DBE38084-0619-40B8-B4CF-E2CD1E39F37B}.Release|x86.ActiveCfg = Release|x86
		{DBE38084-0619-40B8-B4CF-E2CD1E39F37B}.Release|x86.Build.0 = Release|x86
		{A1194A2E-14BB-4726-B273-A7CE7AB8C879}.Debug|Any CPU.ActiveCfg = Debug|Any CPU
		{A1194A2E-14BB-4726-B273-A7CE7AB8C879}.Debug|Any CPU.Build.0 = Debug|Any CPU
		{A1194A2E-14BB-4726-B273-A7CE7AB8C879}.Debug|ARM.ActiveCfg = Debug|ARM
		{A1194A2E-14BB-4726-B273-A7CE7AB8C879}.Debug|ARM.Build.0 = Debug|ARM
		{A1194A2E-14BB-4726-B273-A7CE7AB8C879}.Debug|x64.ActiveCfg = Debug|x64
		{A1194A2E-14BB-4726-B273-A7CE7AB8C879}.Debug|x64.Build.0 = Debug|x64
		{A1194A2E-14BB-4726-B273-A7CE7AB8C879}.Debug|x86.ActiveCfg = Debug|x86
		{A1194A2E-14BB-4726-B273-A7CE7AB8C879}.Debug|x86.Build.0 = Debug|x86
		{A1194A2E-14BB-4726-B273-A7CE7AB8C879}.Release|Any CPU.ActiveCfg = Release|Any CPU
		{A1194A2E-14BB-4726-B273-A7CE7AB8C879}.Release|Any CPU.Build.0 = Release|Any CPU
		{A1194A2E-14BB-4726-B273-A7CE7AB8C879}.Release|ARM.ActiveCfg = Release|ARM
		{A1194A2E-14BB-4726-B273-A7CE7AB8C879}.Release|ARM.Build.0 = Release|ARM
		{A1194A2E-14BB-4726-B273-A7CE7AB8C879}.Release|x64.ActiveCfg = Release|x64
		{A1194A2E-14BB-4726-B273-A7CE7AB8C879}.Release|x64.Build.0 = Release|x64
		{A1194A2E-14BB-4726-B273-A7CE7AB8C879}.Release|x86.ActiveCfg = Release|x86
		{A1194A2E-14BB-4726-B273-A7CE7AB8C879}.Release|x86.Build.0 = Release|x86
		{88F2D4DA-4DEB-4E56-BD98-8496F0030E89}.Debug|Any CPU.ActiveCfg = Debug|Any CPU
		{88F2D4DA-4DEB-4E56-BD98-8496F0030E89}.Debug|Any CPU.Build.0 = Debug|Any CPU
		{88F2D4DA-4DEB-4E56-BD98-8496F0030E89}.Debug|ARM.ActiveCfg = Debug|ARM
		{88F2D4DA-4DEB-4E56-BD98-8496F0030E89}.Debug|ARM.Build.0 = Debug|ARM
		{88F2D4DA-4DEB-4E56-BD98-8496F0030E89}.Debug|x64.ActiveCfg = Debug|x64
		{88F2D4DA-4DEB-4E56-BD98-8496F0030E89}.Debug|x64.Build.0 = Debug|x64
		{88F2D4DA-4DEB-4E56-BD98-8496F0030E89}.Debug|x86.ActiveCfg = Debug|x86
		{88F2D4DA-4DEB-4E56-BD98-8496F0030E89}.Debug|x86.Build.0 = Debug|x86
		{88F2D4DA-4DEB-4E56-BD98-8496F0030E89}.Release|Any CPU.ActiveCfg = Release|Any CPU
		{88F2D4DA-4DEB-4E56-BD98-8496F0030E89}.Release|Any CPU.Build.0 = Release|Any CPU
		{88F2D4DA-4DEB-4E56-BD98-8496F0030E89}.Release|ARM.ActiveCfg = Release|ARM
		{88F2D4DA-4DEB-4E56-BD98-8496F0030E89}.Release|ARM.Build.0 = Release|ARM
		{88F2D4DA-4DEB-4E56-BD98-8496F0030E89}.Release|x64.ActiveCfg = Release|x64
		{88F2D4DA-4DEB-4E56-BD98-8496F0030E89}.Release|x64.Build.0 = Release|x64
		{88F2D4DA-4DEB-4E56-BD98-8496F0030E89}.Release|x86.ActiveCfg = Release|x86
		{88F2D4DA-4DEB-4E56-BD98-8496F0030E89}.Release|x86.Build.0 = Release|x86
		{DF38461C-7A23-4E96-9A85-39E01E117821}.Debug|Any CPU.ActiveCfg = Debug|Any CPU
		{DF38461C-7A23-4E96-9A85-39E01E117821}.Debug|Any CPU.Build.0 = Debug|Any CPU
		{DF38461C-7A23-4E96-9A85-39E01E117821}.Debug|ARM.ActiveCfg = Debug|ARM
		{DF38461C-7A23-4E96-9A85-39E01E117821}.Debug|ARM.Build.0 = Debug|ARM
		{DF38461C-7A23-4E96-9A85-39E01E117821}.Debug|x64.ActiveCfg = Debug|x64
		{DF38461C-7A23-4E96-9A85-39E01E117821}.Debug|x64.Build.0 = Debug|x64
		{DF38461C-7A23-4E96-9A85-39E01E117821}.Debug|x86.ActiveCfg = Debug|x86
		{DF38461C-7A23-4E96-9A85-39E01E117821}.Debug|x86.Build.0 = Debug|x86
		{DF38461C-7A23-4E96-9A85-39E01E117821}.Release|Any CPU.ActiveCfg = Release|Any CPU
		{DF38461C-7A23-4E96-9A85-39E01E117821}.Release|Any CPU.Build.0 = Release|Any CPU
		{DF38461C-7A23-4E96-9A85-39E01E117821}.Release|ARM.ActiveCfg = Release|ARM
		{DF38461C-7A23-4E96-9A85-39E01E117821}.Release|ARM.Build.0 = Release|ARM
		{DF38461C-7A23-4E96-9A85-39E01E117821}.Release|x64.ActiveCfg = Release|x64
		{DF38461C-7A23-4E96-9A85-39E01E117821}.Release|x64.Build.0 = Release|x64
		{DF38461C-7A23-4E96-9A85-39E01E117821}.Release|x86.ActiveCfg = Release|x86
		{DF38461C-7A23-4E96-9A85-39E01E117821}.Release|x86.Build.0 = Release|x86
		{2EF86483-A0A8-4C1D-BFBD-66E1B367318F}.Debug|Any CPU.ActiveCfg = Debug|x86
		{2EF86483-A0A8-4C1D-BFBD-66E1B367318F}.Debug|ARM.ActiveCfg = Debug|ARM
		{2EF86483-A0A8-4C1D-BFBD-66E1B367318F}.Debug|ARM.Build.0 = Debug|ARM
		{2EF86483-A0A8-4C1D-BFBD-66E1B367318F}.Debug|ARM.Deploy.0 = Debug|ARM
		{2EF86483-A0A8-4C1D-BFBD-66E1B367318F}.Debug|x64.ActiveCfg = Debug|x64
		{2EF86483-A0A8-4C1D-BFBD-66E1B367318F}.Debug|x64.Build.0 = Debug|x64
		{2EF86483-A0A8-4C1D-BFBD-66E1B367318F}.Debug|x64.Deploy.0 = Debug|x64
		{2EF86483-A0A8-4C1D-BFBD-66E1B367318F}.Debug|x86.ActiveCfg = Debug|x86
		{2EF86483-A0A8-4C1D-BFBD-66E1B367318F}.Debug|x86.Build.0 = Debug|x86
		{2EF86483-A0A8-4C1D-BFBD-66E1B367318F}.Debug|x86.Deploy.0 = Debug|x86
		{2EF86483-A0A8-4C1D-BFBD-66E1B367318F}.Release|Any CPU.ActiveCfg = Release|x86
		{2EF86483-A0A8-4C1D-BFBD-66E1B367318F}.Release|ARM.ActiveCfg = Release|ARM
		{2EF86483-A0A8-4C1D-BFBD-66E1B367318F}.Release|ARM.Build.0 = Release|ARM
		{2EF86483-A0A8-4C1D-BFBD-66E1B367318F}.Release|ARM.Deploy.0 = Release|ARM
		{2EF86483-A0A8-4C1D-BFBD-66E1B367318F}.Release|x64.ActiveCfg = Release|x64
		{2EF86483-A0A8-4C1D-BFBD-66E1B367318F}.Release|x64.Build.0 = Release|x64
		{2EF86483-A0A8-4C1D-BFBD-66E1B367318F}.Release|x64.Deploy.0 = Release|x64
		{2EF86483-A0A8-4C1D-BFBD-66E1B367318F}.Release|x86.ActiveCfg = Release|x86
		{2EF86483-A0A8-4C1D-BFBD-66E1B367318F}.Release|x86.Build.0 = Release|x86
		{2EF86483-A0A8-4C1D-BFBD-66E1B367318F}.Release|x86.Deploy.0 = Release|x86
		{95D6EF44-9AAA-4B5C-A944-26F664C73830}.Debug|Any CPU.ActiveCfg = Debug|Any CPU
		{95D6EF44-9AAA-4B5C-A944-26F664C73830}.Debug|Any CPU.Build.0 = Debug|Any CPU
		{95D6EF44-9AAA-4B5C-A944-26F664C73830}.Debug|ARM.ActiveCfg = Debug|Any CPU
		{95D6EF44-9AAA-4B5C-A944-26F664C73830}.Debug|ARM.Build.0 = Debug|Any CPU
		{95D6EF44-9AAA-4B5C-A944-26F664C73830}.Debug|x64.ActiveCfg = Debug|Any CPU
		{95D6EF44-9AAA-4B5C-A944-26F664C73830}.Debug|x64.Build.0 = Debug|Any CPU
		{95D6EF44-9AAA-4B5C-A944-26F664C73830}.Debug|x86.ActiveCfg = Debug|Any CPU
		{95D6EF44-9AAA-4B5C-A944-26F664C73830}.Debug|x86.Build.0 = Debug|Any CPU
		{95D6EF44-9AAA-4B5C-A944-26F664C73830}.Release|Any CPU.ActiveCfg = Release|Any CPU
		{95D6EF44-9AAA-4B5C-A944-26F664C73830}.Release|Any CPU.Build.0 = Release|Any CPU
		{95D6EF44-9AAA-4B5C-A944-26F664C73830}.Release|ARM.ActiveCfg = Release|Any CPU
		{95D6EF44-9AAA-4B5C-A944-26F664C73830}.Release|ARM.Build.0 = Release|Any CPU
		{95D6EF44-9AAA-4B5C-A944-26F664C73830}.Release|x64.ActiveCfg = Release|Any CPU
		{95D6EF44-9AAA-4B5C-A944-26F664C73830}.Release|x64.Build.0 = Release|Any CPU
		{95D6EF44-9AAA-4B5C-A944-26F664C73830}.Release|x86.ActiveCfg = Release|Any CPU
		{95D6EF44-9AAA-4B5C-A944-26F664C73830}.Release|x86.Build.0 = Release|Any CPU
	EndGlobalSection
	GlobalSection(SolutionProperties) = preSolution
		HideSolutionNode = FALSE
	EndGlobalSection
	GlobalSection(NestedProjects) = preSolution
		{8ED5AB60-BDF5-493D-9BC7-772A7E924B22} = {F74ACC54-C8B7-4029-9E04-839C9E7D4659}
		{DFEEA5AA-D079-40F7-BFD3-394D5C000047} = {D6193117-68AD-4284-B0E9-A1CFC8A0A644}
		{AB2F5096-5215-42DC-8CA2-74BE2F1662CB} = {7C5F05E5-5707-45FD-BFDD-343AA3441E58}
		{A783D8F4-4F83-4D30-B1DD-09AF4210C060} = {B42D6250-DC38-45CC-8F8B-15C17B8A7681}
		{29B84A1F-2063-4CC4-8C65-583EDC168635} = {B42D6250-DC38-45CC-8F8B-15C17B8A7681}
		{161EA637-F6DF-44E3-8248-8D72E5CBD66E} = {B42D6250-DC38-45CC-8F8B-15C17B8A7681}
		{4EB31983-5BD1-4ACF-8161-F520FF41A877} = {B42D6250-DC38-45CC-8F8B-15C17B8A7681}
		{83825CDF-3C8C-4DFC-B4F9-7A6A4F274018} = {B42D6250-DC38-45CC-8F8B-15C17B8A7681}
		{DBE38084-0619-40B8-B4CF-E2CD1E39F37B} = {B42D6250-DC38-45CC-8F8B-15C17B8A7681}
		{A1194A2E-14BB-4726-B273-A7CE7AB8C879} = {B42D6250-DC38-45CC-8F8B-15C17B8A7681}
		{88F2D4DA-4DEB-4E56-BD98-8496F0030E89} = {B42D6250-DC38-45CC-8F8B-15C17B8A7681}
		{DF38461C-7A23-4E96-9A85-39E01E117821} = {D6193117-68AD-4284-B0E9-A1CFC8A0A644}
		{2EF86483-A0A8-4C1D-BFBD-66E1B367318F} = {D6193117-68AD-4284-B0E9-A1CFC8A0A644}
		{95D6EF44-9AAA-4B5C-A944-26F664C73830} = {3CD1C2C3-2A55-4D47-8222-9307B60E0568}
	EndGlobalSection
EndGlobal
