
Microsoft Visual Studio Solution File, Format Version 12.00
# Visual Studio 15
VisualStudioVersion = 15.0.27004.2009
MinimumVisualStudioVersion = 10.0.40219.1
Project("{2150E333-8FDC-42A3-9474-1A3956D46DE8}") = "RestUp-Sevices", "RestUp-Sevices", "{295F431C-BF29-4816-9FE0-303478DFB340}"
EndProject
Project("{FAE04EC0-301F-11D3-BF4B-00C04F79EFBC}") = "Raspberry_Pi_Trebuchet.RestUp.Common", "RestUp-Sevices\Raspberry_Pi_Trebuchet.RestUp.Common\Raspberry_Pi_Trebuchet.RestUp.Common.csproj", "{A96A2B06-AFE3-4B96-8DD0-ACC5938E8FC0}"
EndProject
Project("{2150E333-8FDC-42A3-9474-1A3956D46DE8}") = "Tests", "Tests", "{A3797495-F45C-4916-A6A1-7DAE6A290B5C}"
EndProject
Project("{FAE04EC0-301F-11D3-BF4B-00C04F79EFBC}") = "Raspberry_Pi_Trebuchet.RestUp.Configuration", "RestUp-Sevices\Raspberry_Pi_Trebuchet.RestUp.Configuration\Raspberry_Pi_Trebuchet.RestUp.Configuration.csproj", "{F6126A62-A610-454B-8D5E-65B0039F4968}"
EndProject
Project("{FAE04EC0-301F-11D3-BF4B-00C04F79EFBC}") = "Raspberry_Pi_Trebuchet.RestUp.Lights", "RestUp-Sevices\Raspberry_Pi_Trebuchet.RestUp.Lights\Raspberry_Pi_Trebuchet.RestUp.Lights.csproj", "{D48CBD4A-84DE-4473-9A89-E5BBC6ED2FDB}"
EndProject
Project("{FAE04EC0-301F-11D3-BF4B-00C04F79EFBC}") = "Raspberry_Pi_Trebuchet.Tests.IOT", "Tests\Raspberry_Pi_Trebuchet.Tests.IOT\Raspberry_Pi_Trebuchet.Tests.IOT.csproj", "{45993305-B7C7-4415-8621-04E66EF9A164}"
EndProject
Global
	GlobalSection(SolutionConfigurationPlatforms) = preSolution
		Debug|Any CPU = Debug|Any CPU
		Debug|ARM = Debug|ARM
		Debug|x64 = Debug|x64
		Debug|x86 = Debug|x86
		Release|Any CPU = Release|Any CPU
		Release|ARM = Release|ARM
		Release|x64 = Release|x64
		Release|x86 = Release|x86
	EndGlobalSection
	GlobalSection(ProjectConfigurationPlatforms) = postSolution
		{A96A2B06-AFE3-4B96-8DD0-ACC5938E8FC0}.Debug|Any CPU.ActiveCfg = Debug|Any CPU
		{A96A2B06-AFE3-4B96-8DD0-ACC5938E8FC0}.Debug|Any CPU.Build.0 = Debug|Any CPU
		{A96A2B06-AFE3-4B96-8DD0-ACC5938E8FC0}.Debug|ARM.ActiveCfg = Debug|ARM
		{A96A2B06-AFE3-4B96-8DD0-ACC5938E8FC0}.Debug|ARM.Build.0 = Debug|ARM
		{A96A2B06-AFE3-4B96-8DD0-ACC5938E8FC0}.Debug|x64.ActiveCfg = Debug|x64
		{A96A2B06-AFE3-4B96-8DD0-ACC5938E8FC0}.Debug|x64.Build.0 = Debug|x64
		{A96A2B06-AFE3-4B96-8DD0-ACC5938E8FC0}.Debug|x86.ActiveCfg = Debug|x86
		{A96A2B06-AFE3-4B96-8DD0-ACC5938E8FC0}.Debug|x86.Build.0 = Debug|x86
		{A96A2B06-AFE3-4B96-8DD0-ACC5938E8FC0}.Release|Any CPU.ActiveCfg = Release|Any CPU
		{A96A2B06-AFE3-4B96-8DD0-ACC5938E8FC0}.Release|Any CPU.Build.0 = Release|Any CPU
		{A96A2B06-AFE3-4B96-8DD0-ACC5938E8FC0}.Release|ARM.ActiveCfg = Release|ARM
		{A96A2B06-AFE3-4B96-8DD0-ACC5938E8FC0}.Release|ARM.Build.0 = Release|ARM
		{A96A2B06-AFE3-4B96-8DD0-ACC5938E8FC0}.Release|x64.ActiveCfg = Release|x64
		{A96A2B06-AFE3-4B96-8DD0-ACC5938E8FC0}.Release|x64.Build.0 = Release|x64
		{A96A2B06-AFE3-4B96-8DD0-ACC5938E8FC0}.Release|x86.ActiveCfg = Release|x86
		{A96A2B06-AFE3-4B96-8DD0-ACC5938E8FC0}.Release|x86.Build.0 = Release|x86
		{F6126A62-A610-454B-8D5E-65B0039F4968}.Debug|Any CPU.ActiveCfg = Debug|Any CPU
		{F6126A62-A610-454B-8D5E-65B0039F4968}.Debug|Any CPU.Build.0 = Debug|Any CPU
		{F6126A62-A610-454B-8D5E-65B0039F4968}.Debug|ARM.ActiveCfg = Debug|ARM
		{F6126A62-A610-454B-8D5E-65B0039F4968}.Debug|ARM.Build.0 = Debug|ARM
		{F6126A62-A610-454B-8D5E-65B0039F4968}.Debug|x64.ActiveCfg = Debug|x64
		{F6126A62-A610-454B-8D5E-65B0039F4968}.Debug|x64.Build.0 = Debug|x64
		{F6126A62-A610-454B-8D5E-65B0039F4968}.Debug|x86.ActiveCfg = Debug|x86
		{F6126A62-A610-454B-8D5E-65B0039F4968}.Debug|x86.Build.0 = Debug|x86
		{F6126A62-A610-454B-8D5E-65B0039F4968}.Release|Any CPU.ActiveCfg = Release|Any CPU
		{F6126A62-A610-454B-8D5E-65B0039F4968}.Release|Any CPU.Build.0 = Release|Any CPU
		{F6126A62-A610-454B-8D5E-65B0039F4968}.Release|ARM.ActiveCfg = Release|ARM
		{F6126A62-A610-454B-8D5E-65B0039F4968}.Release|ARM.Build.0 = Release|ARM
		{F6126A62-A610-454B-8D5E-65B0039F4968}.Release|x64.ActiveCfg = Release|x64
		{F6126A62-A610-454B-8D5E-65B0039F4968}.Release|x64.Build.0 = Release|x64
		{F6126A62-A610-454B-8D5E-65B0039F4968}.Release|x86.ActiveCfg = Release|x86
		{F6126A62-A610-454B-8D5E-65B0039F4968}.Release|x86.Build.0 = Release|x86
		{D48CBD4A-84DE-4473-9A89-E5BBC6ED2FDB}.Debug|Any CPU.ActiveCfg = Debug|Any CPU
		{D48CBD4A-84DE-4473-9A89-E5BBC6ED2FDB}.Debug|Any CPU.Build.0 = Debug|Any CPU
		{D48CBD4A-84DE-4473-9A89-E5BBC6ED2FDB}.Debug|ARM.ActiveCfg = Debug|ARM
		{D48CBD4A-84DE-4473-9A89-E5BBC6ED2FDB}.Debug|ARM.Build.0 = Debug|ARM
		{D48CBD4A-84DE-4473-9A89-E5BBC6ED2FDB}.Debug|x64.ActiveCfg = Debug|x64
		{D48CBD4A-84DE-4473-9A89-E5BBC6ED2FDB}.Debug|x64.Build.0 = Debug|x64
		{D48CBD4A-84DE-4473-9A89-E5BBC6ED2FDB}.Debug|x86.ActiveCfg = Debug|x86
		{D48CBD4A-84DE-4473-9A89-E5BBC6ED2FDB}.Debug|x86.Build.0 = Debug|x86
		{D48CBD4A-84DE-4473-9A89-E5BBC6ED2FDB}.Release|Any CPU.ActiveCfg = Release|Any CPU
		{D48CBD4A-84DE-4473-9A89-E5BBC6ED2FDB}.Release|Any CPU.Build.0 = Release|Any CPU
		{D48CBD4A-84DE-4473-9A89-E5BBC6ED2FDB}.Release|ARM.ActiveCfg = Release|ARM
		{D48CBD4A-84DE-4473-9A89-E5BBC6ED2FDB}.Release|ARM.Build.0 = Release|ARM
		{D48CBD4A-84DE-4473-9A89-E5BBC6ED2FDB}.Release|x64.ActiveCfg = Release|x64
		{D48CBD4A-84DE-4473-9A89-E5BBC6ED2FDB}.Release|x64.Build.0 = Release|x64
		{D48CBD4A-84DE-4473-9A89-E5BBC6ED2FDB}.Release|x86.ActiveCfg = Release|x86
		{D48CBD4A-84DE-4473-9A89-E5BBC6ED2FDB}.Release|x86.Build.0 = Release|x86
		{45993305-B7C7-4415-8621-04E66EF9A164}.Debug|Any CPU.ActiveCfg = Debug|x86
		{45993305-B7C7-4415-8621-04E66EF9A164}.Debug|ARM.ActiveCfg = Debug|ARM
		{45993305-B7C7-4415-8621-04E66EF9A164}.Debug|ARM.Build.0 = Debug|ARM
		{45993305-B7C7-4415-8621-04E66EF9A164}.Debug|ARM.Deploy.0 = Debug|ARM
		{45993305-B7C7-4415-8621-04E66EF9A164}.Debug|x64.ActiveCfg = Debug|x64
		{45993305-B7C7-4415-8621-04E66EF9A164}.Debug|x64.Build.0 = Debug|x64
		{45993305-B7C7-4415-8621-04E66EF9A164}.Debug|x64.Deploy.0 = Debug|x64
		{45993305-B7C7-4415-8621-04E66EF9A164}.Debug|x86.ActiveCfg = Debug|x86
		{45993305-B7C7-4415-8621-04E66EF9A164}.Debug|x86.Build.0 = Debug|x86
		{45993305-B7C7-4415-8621-04E66EF9A164}.Debug|x86.Deploy.0 = Debug|x86
		{45993305-B7C7-4415-8621-04E66EF9A164}.Release|Any CPU.ActiveCfg = Release|x86
		{45993305-B7C7-4415-8621-04E66EF9A164}.Release|ARM.ActiveCfg = Release|ARM
		{45993305-B7C7-4415-8621-04E66EF9A164}.Release|ARM.Build.0 = Release|ARM
		{45993305-B7C7-4415-8621-04E66EF9A164}.Release|ARM.Deploy.0 = Release|ARM
		{45993305-B7C7-4415-8621-04E66EF9A164}.Release|x64.ActiveCfg = Release|x64
		{45993305-B7C7-4415-8621-04E66EF9A164}.Release|x64.Build.0 = Release|x64
		{45993305-B7C7-4415-8621-04E66EF9A164}.Release|x64.Deploy.0 = Release|x64
		{45993305-B7C7-4415-8621-04E66EF9A164}.Release|x86.ActiveCfg = Release|x86
		{45993305-B7C7-4415-8621-04E66EF9A164}.Release|x86.Build.0 = Release|x86
		{45993305-B7C7-4415-8621-04E66EF9A164}.Release|x86.Deploy.0 = Release|x86
	EndGlobalSection
	GlobalSection(SolutionProperties) = preSolution
		HideSolutionNode = FALSE
	EndGlobalSection
	GlobalSection(NestedProjects) = preSolution
		{A96A2B06-AFE3-4B96-8DD0-ACC5938E8FC0} = {295F431C-BF29-4816-9FE0-303478DFB340}
		{F6126A62-A610-454B-8D5E-65B0039F4968} = {295F431C-BF29-4816-9FE0-303478DFB340}
		{D48CBD4A-84DE-4473-9A89-E5BBC6ED2FDB} = {295F431C-BF29-4816-9FE0-303478DFB340}
		{45993305-B7C7-4415-8621-04E66EF9A164} = {A3797495-F45C-4916-A6A1-7DAE6A290B5C}
	EndGlobalSection
	GlobalSection(ExtensibilityGlobals) = postSolution
		SolutionGuid = {1167DC14-5164-4E84-9337-3B02968DA148}
	EndGlobalSection
EndGlobal
