
Microsoft Visual Studio Solution File, Format Version 12.00
# Visual Studio 15
VisualStudioVersion = 15.0.27130.2010
MinimumVisualStudioVersion = 10.0.40219.1
Project("{2150E333-8FDC-42A3-9474-1A3956D46DE8}") = "RestUp-Sevices", "RestUp-Sevices", "{295F431C-BF29-4816-9FE0-303478DFB340}"
EndProject
Project("{2150E333-8FDC-42A3-9474-1A3956D46DE8}") = "Tests", "Tests", "{A3797495-F45C-4916-A6A1-7DAE6A290B5C}"
EndProject
Project("{FAE04EC0-301F-11D3-BF4B-00C04F79EFBC}") = "Raspberry_Pi_Trebuchet.RestUp.Common", "RestUp-Sevices\Common\Raspberry_Pi_Trebuchet.RestUp.Common.csproj", "{A1194A2E-14BB-4726-B273-A7CE7AB8C879}"
EndProject
Project("{FAE04EC0-301F-11D3-BF4B-00C04F79EFBC}") = "Raspberry_Pi_Trebuchet.RestUp.Lights", "RestUp-Sevices\Lights\Raspberry_Pi_Trebuchet.RestUp.Lights.csproj", "{D48CBD4A-84DE-4473-9A89-E5BBC6ED2FDB}"
EndProject
Project("{FAE04EC0-301F-11D3-BF4B-00C04F79EFBC}") = "Raspberry_Pi_Trebuchet.RestUp.Configuration", "RestUp-Sevices\Configuration\Raspberry_Pi_Trebuchet.RestUp.Configuration.csproj", "{6AC5FFF5-5C8F-40F3-A135-DF1E9D05BF74}"
EndProject
Project("{FAE04EC0-301F-11D3-BF4B-00C04F79EFBC}") = "Raspberry_Pi_Trebuchet.Tests.IOT", "Tests\IOT\Raspberry_Pi_Trebuchet.Tests.IOT.csproj", "{9BAEEE15-85EB-4A23-B692-465A73DD570B}"
EndProject
Project("{FAE04EC0-301F-11D3-BF4B-00C04F79EFBC}") = "Raspberry_Pi_Trebuchet.RestUp.Sonic", "RestUp-Sevices\Sonic\Raspberry_Pi_Trebuchet.RestUp.Sonic.csproj", "{88F2D4DA-4DEB-4E56-BD98-8496F0030E89}"
EndProject
Project("{FAE04EC0-301F-11D3-BF4B-00C04F79EFBC}") = "Raspberry_Pi_Trebuchet.RestUp.LoggingService", "RestUp-Sevices\LoggingService\Raspberry_Pi_Trebuchet.RestUp.LoggingService.csproj", "{EA14144E-3060-48AC-BF46-0677E9AE324A}"
EndProject
Project("{FAE04EC0-301F-11D3-BF4B-00C04F79EFBC}") = "Raspberry_Pi_Trebuchet.RestUp.Azure", "RestUp-Sevices\Azure\Raspberry_Pi_Trebuchet.RestUp.Azure.csproj", "{A783D8F4-4F83-4D30-B1DD-09AF4210C060}"
EndProject
Project("{2150E333-8FDC-42A3-9474-1A3956D46DE8}") = "Azure-WebService", "Azure-WebService", "{78A3BC85-CF69-4E0E-BD71-86EE0D1B2384}"
EndProject
Project("{FAE04EC0-301F-11D3-BF4B-00C04F79EFBC}") = "Raspberry_Pi_Trebuchet.Azure-WebService.Models", "Azure-WebService\Models\Raspberry_Pi_Trebuchet.Azure-WebService.Models.csproj", "{23B00616-396E-4AF7-B1D8-94156343932C}"
EndProject
Project("{FAE04EC0-301F-11D3-BF4B-00C04F79EFBC}") = "Raspberry_Pi_Trebuchet.RestUp.Servos", "RestUp-Sevices\Servos\Raspberry_Pi_Trebuchet.RestUp.Servos.csproj", "{161EA637-F6DF-44E3-8248-8D72E5CBD66E}"
EndProject
Project("{FAE04EC0-301F-11D3-BF4B-00C04F79EFBC}") = "Raspberry_Pi_Trebuchet.RestUp.Trebuchet", "RestUp-Sevices\Tribuchet\Raspberry_Pi_Trebuchet.RestUp.Trebuchet.csproj", "{DBE38084-0619-40B8-B4CF-E2CD1E39F37B}"
EndProject
Project("{FAE04EC0-301F-11D3-BF4B-00C04F79EFBC}") = "Raspberry_Pi_Trebuchet.RestUp.StaticFiles", "RestUp-Sevices\StaticFiles\Raspberry_Pi_Trebuchet.RestUp.StaticFiles.csproj", "{4EB31983-5BD1-4ACF-8161-F520FF41A877}"
EndProject
Global
	GlobalSection(SolutionConfigurationPlatforms) = preSolution
		Debug|Any CPU = Debug|Any CPU
		Debug|ARM = Debug|ARM
		Debug|x64 = Debug|x64
		Debug|x86 = Debug|x86
		Release|Any CPU = Release|Any CPU
		Release|ARM = Release|ARM
		Release|x64 = Release|x64
		Release|x86 = Release|x86
	EndGlobalSection
	GlobalSection(ProjectConfigurationPlatforms) = postSolution
		{A1194A2E-14BB-4726-B273-A7CE7AB8C879}.Debug|Any CPU.ActiveCfg = Debug|Any CPU
		{A1194A2E-14BB-4726-B273-A7CE7AB8C879}.Debug|Any CPU.Build.0 = Debug|Any CPU
		{A1194A2E-14BB-4726-B273-A7CE7AB8C879}.Debug|ARM.ActiveCfg = Debug|ARM
		{A1194A2E-14BB-4726-B273-A7CE7AB8C879}.Debug|ARM.Build.0 = Debug|ARM
		{A1194A2E-14BB-4726-B273-A7CE7AB8C879}.Debug|x64.ActiveCfg = Debug|x64
		{A1194A2E-14BB-4726-B273-A7CE7AB8C879}.Debug|x64.Build.0 = Debug|x64
		{A1194A2E-14BB-4726-B273-A7CE7AB8C879}.Debug|x86.ActiveCfg = Debug|x86
		{A1194A2E-14BB-4726-B273-A7CE7AB8C879}.Debug|x86.Build.0 = Debug|x86
		{A1194A2E-14BB-4726-B273-A7CE7AB8C879}.Release|Any CPU.ActiveCfg = Release|Any CPU
		{A1194A2E-14BB-4726-B273-A7CE7AB8C879}.Release|Any CPU.Build.0 = Release|Any CPU
		{A1194A2E-14BB-4726-B273-A7CE7AB8C879}.Release|ARM.ActiveCfg = Release|ARM
		{A1194A2E-14BB-4726-B273-A7CE7AB8C879}.Release|ARM.Build.0 = Release|ARM
		{A1194A2E-14BB-4726-B273-A7CE7AB8C879}.Release|x64.ActiveCfg = Release|x64
		{A1194A2E-14BB-4726-B273-A7CE7AB8C879}.Release|x64.Build.0 = Release|x64
		{A1194A2E-14BB-4726-B273-A7CE7AB8C879}.Release|x86.ActiveCfg = Release|x86
		{A1194A2E-14BB-4726-B273-A7CE7AB8C879}.Release|x86.Build.0 = Release|x86
		{D48CBD4A-84DE-4473-9A89-E5BBC6ED2FDB}.Debug|Any CPU.ActiveCfg = Debug|Any CPU
		{D48CBD4A-84DE-4473-9A89-E5BBC6ED2FDB}.Debug|Any CPU.Build.0 = Debug|Any CPU
		{D48CBD4A-84DE-4473-9A89-E5BBC6ED2FDB}.Debug|ARM.ActiveCfg = Debug|ARM
		{D48CBD4A-84DE-4473-9A89-E5BBC6ED2FDB}.Debug|ARM.Build.0 = Debug|ARM
		{D48CBD4A-84DE-4473-9A89-E5BBC6ED2FDB}.Debug|x64.ActiveCfg = Debug|x64
		{D48CBD4A-84DE-4473-9A89-E5BBC6ED2FDB}.Debug|x64.Build.0 = Debug|x64
		{D48CBD4A-84DE-4473-9A89-E5BBC6ED2FDB}.Debug|x86.ActiveCfg = Debug|x86
		{D48CBD4A-84DE-4473-9A89-E5BBC6ED2FDB}.Debug|x86.Build.0 = Debug|x86
		{D48CBD4A-84DE-4473-9A89-E5BBC6ED2FDB}.Release|Any CPU.ActiveCfg = Release|Any CPU
		{D48CBD4A-84DE-4473-9A89-E5BBC6ED2FDB}.Release|Any CPU.Build.0 = Release|Any CPU
		{D48CBD4A-84DE-4473-9A89-E5BBC6ED2FDB}.Release|ARM.ActiveCfg = Release|ARM
		{D48CBD4A-84DE-4473-9A89-E5BBC6ED2FDB}.Release|ARM.Build.0 = Release|ARM
		{D48CBD4A-84DE-4473-9A89-E5BBC6ED2FDB}.Release|x64.ActiveCfg = Release|x64
		{D48CBD4A-84DE-4473-9A89-E5BBC6ED2FDB}.Release|x64.Build.0 = Release|x64
		{D48CBD4A-84DE-4473-9A89-E5BBC6ED2FDB}.Release|x86.ActiveCfg = Release|x86
		{D48CBD4A-84DE-4473-9A89-E5BBC6ED2FDB}.Release|x86.Build.0 = Release|x86
		{6AC5FFF5-5C8F-40F3-A135-DF1E9D05BF74}.Debug|Any CPU.ActiveCfg = Debug|Any CPU
		{6AC5FFF5-5C8F-40F3-A135-DF1E9D05BF74}.Debug|Any CPU.Build.0 = Debug|Any CPU
		{6AC5FFF5-5C8F-40F3-A135-DF1E9D05BF74}.Debug|ARM.ActiveCfg = Debug|ARM
		{6AC5FFF5-5C8F-40F3-A135-DF1E9D05BF74}.Debug|ARM.Build.0 = Debug|ARM
		{6AC5FFF5-5C8F-40F3-A135-DF1E9D05BF74}.Debug|x64.ActiveCfg = Debug|x64
		{6AC5FFF5-5C8F-40F3-A135-DF1E9D05BF74}.Debug|x64.Build.0 = Debug|x64
		{6AC5FFF5-5C8F-40F3-A135-DF1E9D05BF74}.Debug|x86.ActiveCfg = Debug|x86
		{6AC5FFF5-5C8F-40F3-A135-DF1E9D05BF74}.Debug|x86.Build.0 = Debug|x86
		{6AC5FFF5-5C8F-40F3-A135-DF1E9D05BF74}.Release|Any CPU.ActiveCfg = Release|Any CPU
		{6AC5FFF5-5C8F-40F3-A135-DF1E9D05BF74}.Release|Any CPU.Build.0 = Release|Any CPU
		{6AC5FFF5-5C8F-40F3-A135-DF1E9D05BF74}.Release|ARM.ActiveCfg = Release|ARM
		{6AC5FFF5-5C8F-40F3-A135-DF1E9D05BF74}.Release|ARM.Build.0 = Release|ARM
		{6AC5FFF5-5C8F-40F3-A135-DF1E9D05BF74}.Release|x64.ActiveCfg = Release|x64
		{6AC5FFF5-5C8F-40F3-A135-DF1E9D05BF74}.Release|x64.Build.0 = Release|x64
		{6AC5FFF5-5C8F-40F3-A135-DF1E9D05BF74}.Release|x86.ActiveCfg = Release|x86
		{6AC5FFF5-5C8F-40F3-A135-DF1E9D05BF74}.Release|x86.Build.0 = Release|x86
		{9BAEEE15-85EB-4A23-B692-465A73DD570B}.Debug|Any CPU.ActiveCfg = Debug|x86
		{9BAEEE15-85EB-4A23-B692-465A73DD570B}.Debug|ARM.ActiveCfg = Debug|ARM
		{9BAEEE15-85EB-4A23-B692-465A73DD570B}.Debug|ARM.Build.0 = Debug|ARM
		{9BAEEE15-85EB-4A23-B692-465A73DD570B}.Debug|ARM.Deploy.0 = Debug|ARM
		{9BAEEE15-85EB-4A23-B692-465A73DD570B}.Debug|x64.ActiveCfg = Debug|x64
		{9BAEEE15-85EB-4A23-B692-465A73DD570B}.Debug|x64.Build.0 = Debug|x64
		{9BAEEE15-85EB-4A23-B692-465A73DD570B}.Debug|x64.Deploy.0 = Debug|x64
		{9BAEEE15-85EB-4A23-B692-465A73DD570B}.Debug|x86.ActiveCfg = Debug|x86
		{9BAEEE15-85EB-4A23-B692-465A73DD570B}.Debug|x86.Build.0 = Debug|x86
		{9BAEEE15-85EB-4A23-B692-465A73DD570B}.Debug|x86.Deploy.0 = Debug|x86
		{9BAEEE15-85EB-4A23-B692-465A73DD570B}.Release|Any CPU.ActiveCfg = Release|x86
		{9BAEEE15-85EB-4A23-B692-465A73DD570B}.Release|ARM.ActiveCfg = Release|ARM
		{9BAEEE15-85EB-4A23-B692-465A73DD570B}.Release|ARM.Build.0 = Release|ARM
		{9BAEEE15-85EB-4A23-B692-465A73DD570B}.Release|ARM.Deploy.0 = Release|ARM
		{9BAEEE15-85EB-4A23-B692-465A73DD570B}.Release|x64.ActiveCfg = Release|x64
		{9BAEEE15-85EB-4A23-B692-465A73DD570B}.Release|x64.Build.0 = Release|x64
		{9BAEEE15-85EB-4A23-B692-465A73DD570B}.Release|x64.Deploy.0 = Release|x64
		{9BAEEE15-85EB-4A23-B692-465A73DD570B}.Release|x86.ActiveCfg = Release|x86
		{9BAEEE15-85EB-4A23-B692-465A73DD570B}.Release|x86.Build.0 = Release|x86
		{9BAEEE15-85EB-4A23-B692-465A73DD570B}.Release|x86.Deploy.0 = Release|x86
		{88F2D4DA-4DEB-4E56-BD98-8496F0030E89}.Debug|Any CPU.ActiveCfg = Debug|Any CPU
		{88F2D4DA-4DEB-4E56-BD98-8496F0030E89}.Debug|Any CPU.Build.0 = Debug|Any CPU
		{88F2D4DA-4DEB-4E56-BD98-8496F0030E89}.Debug|ARM.ActiveCfg = Debug|ARM
		{88F2D4DA-4DEB-4E56-BD98-8496F0030E89}.Debug|ARM.Build.0 = Debug|ARM
		{88F2D4DA-4DEB-4E56-BD98-8496F0030E89}.Debug|x64.ActiveCfg = Debug|x64
		{88F2D4DA-4DEB-4E56-BD98-8496F0030E89}.Debug|x64.Build.0 = Debug|x64
		{88F2D4DA-4DEB-4E56-BD98-8496F0030E89}.Debug|x86.ActiveCfg = Debug|x86
		{88F2D4DA-4DEB-4E56-BD98-8496F0030E89}.Debug|x86.Build.0 = Debug|x86
		{88F2D4DA-4DEB-4E56-BD98-8496F0030E89}.Release|Any CPU.ActiveCfg = Release|Any CPU
		{88F2D4DA-4DEB-4E56-BD98-8496F0030E89}.Release|Any CPU.Build.0 = Release|Any CPU
		{88F2D4DA-4DEB-4E56-BD98-8496F0030E89}.Release|ARM.ActiveCfg = Release|ARM
		{88F2D4DA-4DEB-4E56-BD98-8496F0030E89}.Release|ARM.Build.0 = Release|ARM
		{88F2D4DA-4DEB-4E56-BD98-8496F0030E89}.Release|x64.ActiveCfg = Release|x64
		{88F2D4DA-4DEB-4E56-BD98-8496F0030E89}.Release|x64.Build.0 = Release|x64
		{88F2D4DA-4DEB-4E56-BD98-8496F0030E89}.Release|x86.ActiveCfg = Release|x86
		{88F2D4DA-4DEB-4E56-BD98-8496F0030E89}.Release|x86.Build.0 = Release|x86
		{EA14144E-3060-48AC-BF46-0677E9AE324A}.Debug|Any CPU.ActiveCfg = Debug|Any CPU
		{EA14144E-3060-48AC-BF46-0677E9AE324A}.Debug|Any CPU.Build.0 = Debug|Any CPU
		{EA14144E-3060-48AC-BF46-0677E9AE324A}.Debug|ARM.ActiveCfg = Debug|ARM
		{EA14144E-3060-48AC-BF46-0677E9AE324A}.Debug|ARM.Build.0 = Debug|ARM
		{EA14144E-3060-48AC-BF46-0677E9AE324A}.Debug|x64.ActiveCfg = Debug|x64
		{EA14144E-3060-48AC-BF46-0677E9AE324A}.Debug|x64.Build.0 = Debug|x64
		{EA14144E-3060-48AC-BF46-0677E9AE324A}.Debug|x86.ActiveCfg = Debug|x86
		{EA14144E-3060-48AC-BF46-0677E9AE324A}.Debug|x86.Build.0 = Debug|x86
		{EA14144E-3060-48AC-BF46-0677E9AE324A}.Release|Any CPU.ActiveCfg = Release|Any CPU
		{EA14144E-3060-48AC-BF46-0677E9AE324A}.Release|Any CPU.Build.0 = Release|Any CPU
		{EA14144E-3060-48AC-BF46-0677E9AE324A}.Release|ARM.ActiveCfg = Release|ARM
		{EA14144E-3060-48AC-BF46-0677E9AE324A}.Release|ARM.Build.0 = Release|ARM
		{EA14144E-3060-48AC-BF46-0677E9AE324A}.Release|x64.ActiveCfg = Release|x64
		{EA14144E-3060-48AC-BF46-0677E9AE324A}.Release|x64.Build.0 = Release|x64
		{EA14144E-3060-48AC-BF46-0677E9AE324A}.Release|x86.ActiveCfg = Release|x86
		{EA14144E-3060-48AC-BF46-0677E9AE324A}.Release|x86.Build.0 = Release|x86
		{A783D8F4-4F83-4D30-B1DD-09AF4210C060}.Debug|Any CPU.ActiveCfg = Debug|Any CPU
		{A783D8F4-4F83-4D30-B1DD-09AF4210C060}.Debug|Any CPU.Build.0 = Debug|Any CPU
		{A783D8F4-4F83-4D30-B1DD-09AF4210C060}.Debug|ARM.ActiveCfg = Debug|ARM
		{A783D8F4-4F83-4D30-B1DD-09AF4210C060}.Debug|ARM.Build.0 = Debug|ARM
		{A783D8F4-4F83-4D30-B1DD-09AF4210C060}.Debug|x64.ActiveCfg = Debug|x64
		{A783D8F4-4F83-4D30-B1DD-09AF4210C060}.Debug|x64.Build.0 = Debug|x64
		{A783D8F4-4F83-4D30-B1DD-09AF4210C060}.Debug|x86.ActiveCfg = Debug|x86
		{A783D8F4-4F83-4D30-B1DD-09AF4210C060}.Debug|x86.Build.0 = Debug|x86
		{A783D8F4-4F83-4D30-B1DD-09AF4210C060}.Release|Any CPU.ActiveCfg = Release|Any CPU
		{A783D8F4-4F83-4D30-B1DD-09AF4210C060}.Release|Any CPU.Build.0 = Release|Any CPU
		{A783D8F4-4F83-4D30-B1DD-09AF4210C060}.Release|ARM.ActiveCfg = Release|ARM
		{A783D8F4-4F83-4D30-B1DD-09AF4210C060}.Release|ARM.Build.0 = Release|ARM
		{A783D8F4-4F83-4D30-B1DD-09AF4210C060}.Release|x64.ActiveCfg = Release|x64
		{A783D8F4-4F83-4D30-B1DD-09AF4210C060}.Release|x64.Build.0 = Release|x64
		{A783D8F4-4F83-4D30-B1DD-09AF4210C060}.Release|x86.ActiveCfg = Release|x86
		{A783D8F4-4F83-4D30-B1DD-09AF4210C060}.Release|x86.Build.0 = Release|x86
		{23B00616-396E-4AF7-B1D8-94156343932C}.Debug|Any CPU.ActiveCfg = Debug|Any CPU
		{23B00616-396E-4AF7-B1D8-94156343932C}.Debug|Any CPU.Build.0 = Debug|Any CPU
		{23B00616-396E-4AF7-B1D8-94156343932C}.Debug|ARM.ActiveCfg = Debug|Any CPU
		{23B00616-396E-4AF7-B1D8-94156343932C}.Debug|ARM.Build.0 = Debug|Any CPU
		{23B00616-396E-4AF7-B1D8-94156343932C}.Debug|x64.ActiveCfg = Debug|Any CPU
		{23B00616-396E-4AF7-B1D8-94156343932C}.Debug|x64.Build.0 = Debug|Any CPU
		{23B00616-396E-4AF7-B1D8-94156343932C}.Debug|x86.ActiveCfg = Debug|Any CPU
		{23B00616-396E-4AF7-B1D8-94156343932C}.Debug|x86.Build.0 = Debug|Any CPU
		{23B00616-396E-4AF7-B1D8-94156343932C}.Release|Any CPU.ActiveCfg = Release|Any CPU
		{23B00616-396E-4AF7-B1D8-94156343932C}.Release|Any CPU.Build.0 = Release|Any CPU
		{23B00616-396E-4AF7-B1D8-94156343932C}.Release|ARM.ActiveCfg = Release|Any CPU
		{23B00616-396E-4AF7-B1D8-94156343932C}.Release|ARM.Build.0 = Release|Any CPU
		{23B00616-396E-4AF7-B1D8-94156343932C}.Release|x64.ActiveCfg = Release|Any CPU
		{23B00616-396E-4AF7-B1D8-94156343932C}.Release|x64.Build.0 = Release|Any CPU
		{23B00616-396E-4AF7-B1D8-94156343932C}.Release|x86.ActiveCfg = Release|Any CPU
		{23B00616-396E-4AF7-B1D8-94156343932C}.Release|x86.Build.0 = Release|Any CPU
		{161EA637-F6DF-44E3-8248-8D72E5CBD66E}.Debug|Any CPU.ActiveCfg = Debug|Any CPU
		{161EA637-F6DF-44E3-8248-8D72E5CBD66E}.Debug|Any CPU.Build.0 = Debug|Any CPU
		{161EA637-F6DF-44E3-8248-8D72E5CBD66E}.Debug|ARM.ActiveCfg = Debug|ARM
		{161EA637-F6DF-44E3-8248-8D72E5CBD66E}.Debug|ARM.Build.0 = Debug|ARM
		{161EA637-F6DF-44E3-8248-8D72E5CBD66E}.Debug|x64.ActiveCfg = Debug|x64
		{161EA637-F6DF-44E3-8248-8D72E5CBD66E}.Debug|x64.Build.0 = Debug|x64
		{161EA637-F6DF-44E3-8248-8D72E5CBD66E}.Debug|x86.ActiveCfg = Debug|x86
		{161EA637-F6DF-44E3-8248-8D72E5CBD66E}.Debug|x86.Build.0 = Debug|x86
		{161EA637-F6DF-44E3-8248-8D72E5CBD66E}.Release|Any CPU.ActiveCfg = Release|Any CPU
		{161EA637-F6DF-44E3-8248-8D72E5CBD66E}.Release|Any CPU.Build.0 = Release|Any CPU
		{161EA637-F6DF-44E3-8248-8D72E5CBD66E}.Release|ARM.ActiveCfg = Release|ARM
		{161EA637-F6DF-44E3-8248-8D72E5CBD66E}.Release|ARM.Build.0 = Release|ARM
		{161EA637-F6DF-44E3-8248-8D72E5CBD66E}.Release|x64.ActiveCfg = Release|x64
		{161EA637-F6DF-44E3-8248-8D72E5CBD66E}.Release|x64.Build.0 = Release|x64
		{161EA637-F6DF-44E3-8248-8D72E5CBD66E}.Release|x86.ActiveCfg = Release|x86
		{161EA637-F6DF-44E3-8248-8D72E5CBD66E}.Release|x86.Build.0 = Release|x86
		{DBE38084-0619-40B8-B4CF-E2CD1E39F37B}.Debug|Any CPU.ActiveCfg = Debug|Any CPU
		{DBE38084-0619-40B8-B4CF-E2CD1E39F37B}.Debug|Any CPU.Build.0 = Debug|Any CPU
		{DBE38084-0619-40B8-B4CF-E2CD1E39F37B}.Debug|ARM.ActiveCfg = Debug|ARM
		{DBE38084-0619-40B8-B4CF-E2CD1E39F37B}.Debug|ARM.Build.0 = Debug|ARM
		{DBE38084-0619-40B8-B4CF-E2CD1E39F37B}.Debug|x64.ActiveCfg = Debug|x64
		{DBE38084-0619-40B8-B4CF-E2CD1E39F37B}.Debug|x64.Build.0 = Debug|x64
		{DBE38084-0619-40B8-B4CF-E2CD1E39F37B}.Debug|x86.ActiveCfg = Debug|x86
		{DBE38084-0619-40B8-B4CF-E2CD1E39F37B}.Debug|x86.Build.0 = Debug|x86
		{DBE38084-0619-40B8-B4CF-E2CD1E39F37B}.Release|Any CPU.ActiveCfg = Release|Any CPU
		{DBE38084-0619-40B8-B4CF-E2CD1E39F37B}.Release|Any CPU.Build.0 = Release|Any CPU
		{DBE38084-0619-40B8-B4CF-E2CD1E39F37B}.Release|ARM.ActiveCfg = Release|ARM
		{DBE38084-0619-40B8-B4CF-E2CD1E39F37B}.Release|ARM.Build.0 = Release|ARM
		{DBE38084-0619-40B8-B4CF-E2CD1E39F37B}.Release|x64.ActiveCfg = Release|x64
		{DBE38084-0619-40B8-B4CF-E2CD1E39F37B}.Release|x64.Build.0 = Release|x64
		{DBE38084-0619-40B8-B4CF-E2CD1E39F37B}.Release|x86.ActiveCfg = Release|x86
		{DBE38084-0619-40B8-B4CF-E2CD1E39F37B}.Release|x86.Build.0 = Release|x86
		{4EB31983-5BD1-4ACF-8161-F520FF41A877}.Debug|Any CPU.ActiveCfg = Debug|Any CPU
		{4EB31983-5BD1-4ACF-8161-F520FF41A877}.Debug|Any CPU.Build.0 = Debug|Any CPU
		{4EB31983-5BD1-4ACF-8161-F520FF41A877}.Debug|ARM.ActiveCfg = Debug|ARM
		{4EB31983-5BD1-4ACF-8161-F520FF41A877}.Debug|ARM.Build.0 = Debug|ARM
		{4EB31983-5BD1-4ACF-8161-F520FF41A877}.Debug|x64.ActiveCfg = Debug|x64
		{4EB31983-5BD1-4ACF-8161-F520FF41A877}.Debug|x64.Build.0 = Debug|x64
		{4EB31983-5BD1-4ACF-8161-F520FF41A877}.Debug|x86.ActiveCfg = Debug|x86
		{4EB31983-5BD1-4ACF-8161-F520FF41A877}.Debug|x86.Build.0 = Debug|x86
		{4EB31983-5BD1-4ACF-8161-F520FF41A877}.Release|Any CPU.ActiveCfg = Release|Any CPU
		{4EB31983-5BD1-4ACF-8161-F520FF41A877}.Release|Any CPU.Build.0 = Release|Any CPU
		{4EB31983-5BD1-4ACF-8161-F520FF41A877}.Release|ARM.ActiveCfg = Release|ARM
		{4EB31983-5BD1-4ACF-8161-F520FF41A877}.Release|ARM.Build.0 = Release|ARM
		{4EB31983-5BD1-4ACF-8161-F520FF41A877}.Release|x64.ActiveCfg = Release|x64
		{4EB31983-5BD1-4ACF-8161-F520FF41A877}.Release|x64.Build.0 = Release|x64
		{4EB31983-5BD1-4ACF-8161-F520FF41A877}.Release|x86.ActiveCfg = Release|x86
		{4EB31983-5BD1-4ACF-8161-F520FF41A877}.Release|x86.Build.0 = Release|x86
	EndGlobalSection
	GlobalSection(SolutionProperties) = preSolution
		HideSolutionNode = FALSE
	EndGlobalSection
	GlobalSection(NestedProjects) = preSolution
		{A1194A2E-14BB-4726-B273-A7CE7AB8C879} = {295F431C-BF29-4816-9FE0-303478DFB340}
		{D48CBD4A-84DE-4473-9A89-E5BBC6ED2FDB} = {295F431C-BF29-4816-9FE0-303478DFB340}
		{6AC5FFF5-5C8F-40F3-A135-DF1E9D05BF74} = {295F431C-BF29-4816-9FE0-303478DFB340}
		{9BAEEE15-85EB-4A23-B692-465A73DD570B} = {A3797495-F45C-4916-A6A1-7DAE6A290B5C}
		{88F2D4DA-4DEB-4E56-BD98-8496F0030E89} = {295F431C-BF29-4816-9FE0-303478DFB340}
		{EA14144E-3060-48AC-BF46-0677E9AE324A} = {295F431C-BF29-4816-9FE0-303478DFB340}
		{A783D8F4-4F83-4D30-B1DD-09AF4210C060} = {295F431C-BF29-4816-9FE0-303478DFB340}
		{23B00616-396E-4AF7-B1D8-94156343932C} = {78A3BC85-CF69-4E0E-BD71-86EE0D1B2384}
		{161EA637-F6DF-44E3-8248-8D72E5CBD66E} = {295F431C-BF29-4816-9FE0-303478DFB340}
		{DBE38084-0619-40B8-B4CF-E2CD1E39F37B} = {295F431C-BF29-4816-9FE0-303478DFB340}
		{4EB31983-5BD1-4ACF-8161-F520FF41A877} = {295F431C-BF29-4816-9FE0-303478DFB340}
	EndGlobalSection
	GlobalSection(ExtensibilityGlobals) = postSolution
		SolutionGuid = {1167DC14-5164-4E84-9337-3B02968DA148}
	EndGlobalSection
EndGlobal
